
Microsoft Visual Studio Solution File, Format Version 12.00
Project("{2150E333-8FDC-42A3-9474-1A3956D46DE8}") = "User", "User", "{36C4B471-8E15-4BBC-994F-986AB7C523AB}"
EndProject
Project("{FAE04EC0-301F-11D3-BF4B-00C04F79EFBC}") = "MLE.User.Domain", "src\MLE.User.Domain\MLE.User.Domain.csproj", "{0E09FDBF-18D6-4651-A57C-A56707C07A98}"
EndProject
Project("{FAE04EC0-301F-11D3-BF4B-00C04F79EFBC}") = "MLE.User.Application", "src\MLE.User.Application\MLE.User.Application.csproj", "{5138122B-332A-4E37-8114-CF9D1A853F29}"
EndProject
Project("{FAE04EC0-301F-11D3-BF4B-00C04F79EFBC}") = "MLE.User.Persistence", "src\MLE.User.Persistence\MLE.User.Persistence.csproj", "{221013F2-B95B-4008-B95E-5572B594A350}"
EndProject
Project("{FAE04EC0-301F-11D3-BF4B-00C04F79EFBC}") = "MLE.User.Service", "src\MLE.User.Service\MLE.User.Service.csproj", "{9310EE77-C47E-4385-AFA7-4DBADCF33E98}"
EndProject
Project("{FAE04EC0-301F-11D3-BF4B-00C04F79EFBC}") = "MLE.User.API", "src\MLE.User.API\MLE.User.API.csproj", "{18BE797F-E7AB-4ED0-93CC-4190B362B32F}"
EndProject
Global
	GlobalSection(SolutionConfigurationPlatforms) = preSolution
		Debug|Any CPU = Debug|Any CPU
		Release|Any CPU = Release|Any CPU
	EndGlobalSection
	GlobalSection(NestedProjects) = preSolution
		{0E09FDBF-18D6-4651-A57C-A56707C07A98} = {36C4B471-8E15-4BBC-994F-986AB7C523AB}
		{5138122B-332A-4E37-8114-CF9D1A853F29} = {36C4B471-8E15-4BBC-994F-986AB7C523AB}
		{221013F2-B95B-4008-B95E-5572B594A350} = {36C4B471-8E15-4BBC-994F-986AB7C523AB}
		{9310EE77-C47E-4385-AFA7-4DBADCF33E98} = {36C4B471-8E15-4BBC-994F-986AB7C523AB}
		{18BE797F-E7AB-4ED0-93CC-4190B362B32F} = {36C4B471-8E15-4BBC-994F-986AB7C523AB}
	EndGlobalSection
	GlobalSection(ProjectConfigurationPlatforms) = postSolution
		{0E09FDBF-18D6-4651-A57C-A56707C07A98}.Debug|Any CPU.ActiveCfg = Debug|Any CPU
		{0E09FDBF-18D6-4651-A57C-A56707C07A98}.Debug|Any CPU.Build.0 = Debug|Any CPU
		{0E09FDBF-18D6-4651-A57C-A56707C07A98}.Release|Any CPU.ActiveCfg = Release|Any CPU
		{0E09FDBF-18D6-4651-A57C-A56707C07A98}.Release|Any CPU.Build.0 = Release|Any CPU
		{5138122B-332A-4E37-8114-CF9D1A853F29}.Debug|Any CPU.ActiveCfg = Debug|Any CPU
		{5138122B-332A-4E37-8114-CF9D1A853F29}.Debug|Any CPU.Build.0 = Debug|Any CPU
		{5138122B-332A-4E37-8114-CF9D1A853F29}.Release|Any CPU.ActiveCfg = Release|Any CPU
		{5138122B-332A-4E37-8114-CF9D1A853F29}.Release|Any CPU.Build.0 = Release|Any CPU
		{221013F2-B95B-4008-B95E-5572B594A350}.Debug|Any CPU.ActiveCfg = Debug|Any CPU
		{221013F2-B95B-4008-B95E-5572B594A350}.Debug|Any CPU.Build.0 = Debug|Any CPU
		{221013F2-B95B-4008-B95E-5572B594A350}.Release|Any CPU.ActiveCfg = Release|Any CPU
		{221013F2-B95B-4008-B95E-5572B594A350}.Release|Any CPU.Build.0 = Release|Any CPU
		{9310EE77-C47E-4385-AFA7-4DBADCF33E98}.Debug|Any CPU.ActiveCfg = Debug|Any CPU
		{9310EE77-C47E-4385-AFA7-4DBADCF33E98}.Debug|Any CPU.Build.0 = Debug|Any CPU
		{9310EE77-C47E-4385-AFA7-4DBADCF33E98}.Release|Any CPU.ActiveCfg = Release|Any CPU
		{9310EE77-C47E-4385-AFA7-4DBADCF33E98}.Release|Any CPU.Build.0 = Release|Any CPU
		{18BE797F-E7AB-4ED0-93CC-4190B362B32F}.Debug|Any CPU.ActiveCfg = Debug|Any CPU
		{18BE797F-E7AB-4ED0-93CC-4190B362B32F}.Debug|Any CPU.Build.0 = Debug|Any CPU
		{18BE797F-E7AB-4ED0-93CC-4190B362B32F}.Release|Any CPU.ActiveCfg = Release|Any CPU
		{18BE797F-E7AB-4ED0-93CC-4190B362B32F}.Release|Any CPU.Build.0 = Release|Any CPU
	EndGlobalSection
EndGlobal
