
Microsoft Visual Studio Solution File, Format Version 12.00
Project("{2150E333-8FDC-42A3-9474-1A3956D46DE8}") = "UserService", "UserService", "{36C4B471-8E15-4BBC-994F-986AB7C523AB}"
EndProject
Project("{FAE04EC0-301F-11D3-BF4B-00C04F79EFBC}") = "MLE.User.Domain", "src\MLE.User.Domain\MLE.User.Domain.csproj", "{0E09FDBF-18D6-4651-A57C-A56707C07A98}"
EndProject
Project("{FAE04EC0-301F-11D3-BF4B-00C04F79EFBC}") = "MLE.User.Application", "src\MLE.User.Application\MLE.User.Application.csproj", "{5138122B-332A-4E37-8114-CF9D1A853F29}"
EndProject
Project("{FAE04EC0-301F-11D3-BF4B-00C04F79EFBC}") = "MLE.User.Persistence", "src\MLE.User.Persistence\MLE.User.Persistence.csproj", "{221013F2-B95B-4008-B95E-5572B594A350}"
EndProject
Project("{FAE04EC0-301F-11D3-BF4B-00C04F79EFBC}") = "MLE.User.API", "src\MLE.User.API\MLE.User.API.csproj", "{18BE797F-E7AB-4ED0-93CC-4190B362B32F}"
EndProject
Project("{2150E333-8FDC-42A3-9474-1A3956D46DE8}") = "ProductService", "ProductService", "{80D94235-107C-453A-BBC6-982E4CDD4F9B}"
EndProject
Project("{FAE04EC0-301F-11D3-BF4B-00C04F79EFBC}") = "MLE.Product.Domain", "src\MLE.Product.Domain\MLE.Product.Domain.csproj", "{BDC337C1-FF50-42B3-95E2-DF2650622215}"
EndProject
Project("{FAE04EC0-301F-11D3-BF4B-00C04F79EFBC}") = "MLE.Product.Application", "src\MLE.Product.Application\MLE.Product.Application.csproj", "{8FF718AF-65E1-4AE8-83F4-5BE5B4FE5BB4}"
EndProject
Project("{FAE04EC0-301F-11D3-BF4B-00C04F79EFBC}") = "MLE.Product.Persistence", "src\MLE.Product.Persistence\MLE.Product.Persistence.csproj", "{60B65302-F4AF-4210-8F30-C255B55D4C36}"
EndProject
Project("{FAE04EC0-301F-11D3-BF4B-00C04F79EFBC}") = "MLE.Product.API", "src\MLE.Product.API\MLE.Product.API.csproj", "{84E9BF4F-2384-4E40-9105-3569B437D9D5}"
EndProject
Project("{2150E333-8FDC-42A3-9474-1A3956D46DE8}") = "OrderService", "OrderService", "{18939BD6-97B9-44B9-A42C-777D13588F2C}"
EndProject
Project("{FAE04EC0-301F-11D3-BF4B-00C04F79EFBC}") = "MLE.Order.Persistence", "src\MLE.Order.Persistence\MLE.Order.Persistence.csproj", "{8856D52B-9409-4B4D-9E62-72B722B4B0BE}"
EndProject
Project("{FAE04EC0-301F-11D3-BF4B-00C04F79EFBC}") = "MLE.Order.Domain", "src\MLE.Order.Domain\MLE.Order.Domain.csproj", "{DF9AA812-8296-4EEA-B06D-188278A8E43A}"
EndProject
Project("{FAE04EC0-301F-11D3-BF4B-00C04F79EFBC}") = "MLE.Order.Application", "src\MLE.Order.Application\MLE.Order.Application.csproj", "{7B6E9928-1E35-48C7-9810-DC97A0F21E86}"
EndProject
Project("{FAE04EC0-301F-11D3-BF4B-00C04F79EFBC}") = "MLE.Order.API", "src\MLE.Order.API\MLE.Order.API.csproj", "{38E2F937-C574-4BDB-8546-92C28CF04EBC}"
EndProject
Global
	GlobalSection(SolutionConfigurationPlatforms) = preSolution
		Debug|Any CPU = Debug|Any CPU
		Release|Any CPU = Release|Any CPU
	EndGlobalSection
	GlobalSection(NestedProjects) = preSolution
		{0E09FDBF-18D6-4651-A57C-A56707C07A98} = {36C4B471-8E15-4BBC-994F-986AB7C523AB}
		{5138122B-332A-4E37-8114-CF9D1A853F29} = {36C4B471-8E15-4BBC-994F-986AB7C523AB}
		{221013F2-B95B-4008-B95E-5572B594A350} = {36C4B471-8E15-4BBC-994F-986AB7C523AB}
		{18BE797F-E7AB-4ED0-93CC-4190B362B32F} = {36C4B471-8E15-4BBC-994F-986AB7C523AB}
		{BDC337C1-FF50-42B3-95E2-DF2650622215} = {80D94235-107C-453A-BBC6-982E4CDD4F9B}
		{8FF718AF-65E1-4AE8-83F4-5BE5B4FE5BB4} = {80D94235-107C-453A-BBC6-982E4CDD4F9B}
		{60B65302-F4AF-4210-8F30-C255B55D4C36} = {80D94235-107C-453A-BBC6-982E4CDD4F9B}
		{84E9BF4F-2384-4E40-9105-3569B437D9D5} = {80D94235-107C-453A-BBC6-982E4CDD4F9B}
		{8856D52B-9409-4B4D-9E62-72B722B4B0BE} = {18939BD6-97B9-44B9-A42C-777D13588F2C}
		{DF9AA812-8296-4EEA-B06D-188278A8E43A} = {18939BD6-97B9-44B9-A42C-777D13588F2C}
		{7B6E9928-1E35-48C7-9810-DC97A0F21E86} = {18939BD6-97B9-44B9-A42C-777D13588F2C}
		{38E2F937-C574-4BDB-8546-92C28CF04EBC} = {18939BD6-97B9-44B9-A42C-777D13588F2C}
	EndGlobalSection
	GlobalSection(ProjectConfigurationPlatforms) = postSolution
		{0E09FDBF-18D6-4651-A57C-A56707C07A98}.Debug|Any CPU.ActiveCfg = Debug|Any CPU
		{0E09FDBF-18D6-4651-A57C-A56707C07A98}.Debug|Any CPU.Build.0 = Debug|Any CPU
		{0E09FDBF-18D6-4651-A57C-A56707C07A98}.Release|Any CPU.ActiveCfg = Release|Any CPU
		{0E09FDBF-18D6-4651-A57C-A56707C07A98}.Release|Any CPU.Build.0 = Release|Any CPU
		{5138122B-332A-4E37-8114-CF9D1A853F29}.Debug|Any CPU.ActiveCfg = Debug|Any CPU
		{5138122B-332A-4E37-8114-CF9D1A853F29}.Debug|Any CPU.Build.0 = Debug|Any CPU
		{5138122B-332A-4E37-8114-CF9D1A853F29}.Release|Any CPU.ActiveCfg = Release|Any CPU
		{5138122B-332A-4E37-8114-CF9D1A853F29}.Release|Any CPU.Build.0 = Release|Any CPU
		{221013F2-B95B-4008-B95E-5572B594A350}.Debug|Any CPU.ActiveCfg = Debug|Any CPU
		{221013F2-B95B-4008-B95E-5572B594A350}.Debug|Any CPU.Build.0 = Debug|Any CPU
		{221013F2-B95B-4008-B95E-5572B594A350}.Release|Any CPU.ActiveCfg = Release|Any CPU
		{221013F2-B95B-4008-B95E-5572B594A350}.Release|Any CPU.Build.0 = Release|Any CPU
		{18BE797F-E7AB-4ED0-93CC-4190B362B32F}.Debug|Any CPU.ActiveCfg = Debug|Any CPU
		{18BE797F-E7AB-4ED0-93CC-4190B362B32F}.Debug|Any CPU.Build.0 = Debug|Any CPU
		{18BE797F-E7AB-4ED0-93CC-4190B362B32F}.Release|Any CPU.ActiveCfg = Release|Any CPU
		{18BE797F-E7AB-4ED0-93CC-4190B362B32F}.Release|Any CPU.Build.0 = Release|Any CPU
		{BDC337C1-FF50-42B3-95E2-DF2650622215}.Debug|Any CPU.ActiveCfg = Debug|Any CPU
		{BDC337C1-FF50-42B3-95E2-DF2650622215}.Debug|Any CPU.Build.0 = Debug|Any CPU
		{BDC337C1-FF50-42B3-95E2-DF2650622215}.Release|Any CPU.ActiveCfg = Release|Any CPU
		{BDC337C1-FF50-42B3-95E2-DF2650622215}.Release|Any CPU.Build.0 = Release|Any CPU
		{8FF718AF-65E1-4AE8-83F4-5BE5B4FE5BB4}.Debug|Any CPU.ActiveCfg = Debug|Any CPU
		{8FF718AF-65E1-4AE8-83F4-5BE5B4FE5BB4}.Debug|Any CPU.Build.0 = Debug|Any CPU
		{8FF718AF-65E1-4AE8-83F4-5BE5B4FE5BB4}.Release|Any CPU.ActiveCfg = Release|Any CPU
		{8FF718AF-65E1-4AE8-83F4-5BE5B4FE5BB4}.Release|Any CPU.Build.0 = Release|Any CPU
		{60B65302-F4AF-4210-8F30-C255B55D4C36}.Debug|Any CPU.ActiveCfg = Debug|Any CPU
		{60B65302-F4AF-4210-8F30-C255B55D4C36}.Debug|Any CPU.Build.0 = Debug|Any CPU
		{60B65302-F4AF-4210-8F30-C255B55D4C36}.Release|Any CPU.ActiveCfg = Release|Any CPU
		{60B65302-F4AF-4210-8F30-C255B55D4C36}.Release|Any CPU.Build.0 = Release|Any CPU
		{84E9BF4F-2384-4E40-9105-3569B437D9D5}.Debug|Any CPU.ActiveCfg = Debug|Any CPU
		{84E9BF4F-2384-4E40-9105-3569B437D9D5}.Debug|Any CPU.Build.0 = Debug|Any CPU
		{84E9BF4F-2384-4E40-9105-3569B437D9D5}.Release|Any CPU.ActiveCfg = Release|Any CPU
		{84E9BF4F-2384-4E40-9105-3569B437D9D5}.Release|Any CPU.Build.0 = Release|Any CPU
		{8856D52B-9409-4B4D-9E62-72B722B4B0BE}.Debug|Any CPU.ActiveCfg = Debug|Any CPU
		{8856D52B-9409-4B4D-9E62-72B722B4B0BE}.Debug|Any CPU.Build.0 = Debug|Any CPU
		{8856D52B-9409-4B4D-9E62-72B722B4B0BE}.Release|Any CPU.ActiveCfg = Release|Any CPU
		{8856D52B-9409-4B4D-9E62-72B722B4B0BE}.Release|Any CPU.Build.0 = Release|Any CPU
		{DF9AA812-8296-4EEA-B06D-188278A8E43A}.Debug|Any CPU.ActiveCfg = Debug|Any CPU
		{DF9AA812-8296-4EEA-B06D-188278A8E43A}.Debug|Any CPU.Build.0 = Debug|Any CPU
		{DF9AA812-8296-4EEA-B06D-188278A8E43A}.Release|Any CPU.ActiveCfg = Release|Any CPU
		{DF9AA812-8296-4EEA-B06D-188278A8E43A}.Release|Any CPU.Build.0 = Release|Any CPU
		{7B6E9928-1E35-48C7-9810-DC97A0F21E86}.Debug|Any CPU.ActiveCfg = Debug|Any CPU
		{7B6E9928-1E35-48C7-9810-DC97A0F21E86}.Debug|Any CPU.Build.0 = Debug|Any CPU
		{7B6E9928-1E35-48C7-9810-DC97A0F21E86}.Release|Any CPU.ActiveCfg = Release|Any CPU
		{7B6E9928-1E35-48C7-9810-DC97A0F21E86}.Release|Any CPU.Build.0 = Release|Any CPU
		{38E2F937-C574-4BDB-8546-92C28CF04EBC}.Debug|Any CPU.ActiveCfg = Debug|Any CPU
		{38E2F937-C574-4BDB-8546-92C28CF04EBC}.Debug|Any CPU.Build.0 = Debug|Any CPU
		{38E2F937-C574-4BDB-8546-92C28CF04EBC}.Release|Any CPU.ActiveCfg = Release|Any CPU
		{38E2F937-C574-4BDB-8546-92C28CF04EBC}.Release|Any CPU.Build.0 = Release|Any CPU
	EndGlobalSection
EndGlobal
